
Microsoft Visual Studio Solution File, Format Version 12.00
# Visual Studio Version 16
VisualStudioVersion = 16.0.30523.141
MinimumVisualStudioVersion = 10.0.40219.1
Project("{FAE04EC0-301F-11D3-BF4B-00C04F79EFBC}") = "WpfTable", "WpfTable\WpfTable.csproj", "{570452F2-542A-4724-9196-7EEC447B90F6}"
EndProject
Global
	GlobalSection(SolutionConfigurationPlatforms) = preSolution
		Debug|Any CPU = Debug|Any CPU
		Release|Any CPU = Release|Any CPU
	EndGlobalSection
	GlobalSection(ProjectConfigurationPlatforms) = postSolution
		{570452F2-542A-4724-9196-7EEC447B90F6}.Debug|Any CPU.ActiveCfg = Debug|Any CPU
		{570452F2-542A-4724-9196-7EEC447B90F6}.Debug|Any CPU.Build.0 = Debug|Any CPU
		{570452F2-542A-4724-9196-7EEC447B90F6}.Release|Any CPU.ActiveCfg = Release|Any CPU
		{570452F2-542A-4724-9196-7EEC447B90F6}.Release|Any CPU.Build.0 = Release|Any CPU
	EndGlobalSection
	GlobalSection(SolutionProperties) = preSolution
		HideSolutionNode = FALSE
	EndGlobalSection
	GlobalSection(ExtensibilityGlobals) = postSolution
		SolutionGuid = {9859D9A2-D63B-44CC-84F8-3799592B8D64}
	EndGlobalSection
EndGlobal
